// !$*UTF8*$!
{
	archiveVersion = 1;
	classes = {
	};
	objectVersion = 56;
	objects = {

/* Begin PBXBuildFile section */
		A1B2C3D4E5F60000000050 /* main.swift in Sources */ = {isa = PBXBuildFile; fileRef = A1B2C3D4E5F60000000040 /* main.swift */; };
		A1B2C3D4E5F60000000051 /* AppDelegate.swift in Sources */ = {isa = PBXBuildFile; fileRef = A1B2C3D4E5F60000000041 /* AppDelegate.swift */; };
		A1B2C3D4E5F60000000052 /* HeadTrackerClass.swift in Sources */ = {isa = PBXBuildFile; fileRef = A1B2C3D4E5F60000000042 /* HeadTrackerClass.swift */; };
		A1B2C3D4E5F60000000053 /* SoundUtils.swift in Sources */ = {isa = PBXBuildFile; fileRef = A1B2C3D4E5F60000000043 /* SoundUtils.swift */; };
		A1B2C3D4E5F60000000063 /* Cocoa.framework in Frameworks */ = {isa = PBXBuildFile; fileRef = A1B2C3D4E5F60000000060 /* Cocoa.framework */; };
		A1B2C3D4E5F60000000064 /* AVFoundation.framework in Frameworks */ = {isa = PBXBuildFile; fileRef = A1B2C3D4E5F60000000061 /* AVFoundation.framework */; };
		A1B2C3D4E5F60000000065 /* Vision.framework in Frameworks */ = {isa = PBXBuildFile; fileRef = A1B2C3D4E5F60000000062 /* Vision.framework */; };
		A1B2C3D4E5F60000000070 /* Assets.xcassets in Resources */ = {isa = PBXBuildFile; fileRef = A1B2C3D4E5F60000000071 /* Assets.xcassets */; };
		D89B21EF2F9FC1E800C45250 /* dont_fall_asleep.m4a in Resources */ = {isa = PBXBuildFile; fileRef = D89B21EB2F9FC1E800C45250 /* dont_fall_asleep.m4a */; };
		D89B21F02F9FC1E800C45250 /* dont_touch_your_face.m4a in Resources */ = {isa = PBXBuildFile; fileRef = D89B21EC2F9FC1E800C45250 /* dont_touch_your_face.m4a */; };
		D89B21F12F9FC1E800C45250 /* mmmrmmm.m4a in Resources */ = {isa = PBXBuildFile; fileRef = D89B21ED2F9FC1E800C45250 /* mmmrmmm.m4a */; };
/* End PBXBuildFile section */

/* Begin PBXFileReference section */
		A1B2C3D4E5F60000000030 /* Dont.app */ = {isa = PBXFileReference; explicitFileType = wrapper.application; includeInIndex = 0; path = Dont.app; sourceTree = BUILT_PRODUCTS_DIR; };
		A1B2C3D4E5F60000000040 /* main.swift */ = {isa = PBXFileReference; lastKnownFileType = sourcecode.swift; path = main.swift; sourceTree = "<group>"; };
		A1B2C3D4E5F60000000041 /* AppDelegate.swift */ = {isa = PBXFileReference; lastKnownFileType = sourcecode.swift; path = AppDelegate.swift; sourceTree = "<group>"; };
		A1B2C3D4E5F60000000042 /* HeadTrackerClass.swift */ = {isa = PBXFileReference; lastKnownFileType = sourcecode.swift; path = HeadTrackerClass.swift; sourceTree = "<group>"; };
		A1B2C3D4E5F60000000043 /* SoundUtils.swift */ = {isa = PBXFileReference; lastKnownFileType = sourcecode.swift; path = SoundUtils.swift; sourceTree = "<group>"; };
		A1B2C3D4E5F60000000044 /* Info.plist */ = {isa = PBXFileReference; lastKnownFileType = text.plist.xml; path = Info.plist; sourceTree = "<group>"; };
		A1B2C3D4E5F60000000045 /* HeadTracker.entitlements */ = {isa = PBXFileReference; lastKnownFileType = text.plist.entitlements; path = HeadTracker.entitlements; sourceTree = "<group>"; };
		A1B2C3D4E5F60000000060 /* Cocoa.framework */ = {isa = PBXFileReference; lastKnownFileType = wrapper.framework; name = Cocoa.framework; path = System/Library/Frameworks/Cocoa.framework; sourceTree = SDKROOT; };
		A1B2C3D4E5F60000000061 /* AVFoundation.framework */ = {isa = PBXFileReference; lastKnownFileType = wrapper.framework; name = AVFoundation.framework; path = System/Library/Frameworks/AVFoundation.framework; sourceTree = SDKROOT; };
		A1B2C3D4E5F60000000062 /* Vision.framework */ = {isa = PBXFileReference; lastKnownFileType = wrapper.framework; name = Vision.framework; path = System/Library/Frameworks/Vision.framework; sourceTree = SDKROOT; };
		A1B2C3D4E5F60000000071 /* Assets.xcassets */ = {isa = PBXFileReference; lastKnownFileType = folder.assetcatalog; path = Assets.xcassets; sourceTree = "<group>"; };
		D89B21EB2F9FC1E800C45250 /* dont_fall_asleep.m4a */ = {isa = PBXFileReference; lastKnownFileType = file; path = dont_fall_asleep.m4a; sourceTree = "<group>"; };
		D89B21EC2F9FC1E800C45250 /* dont_touch_your_face.m4a */ = {isa = PBXFileReference; lastKnownFileType = file; path = dont_touch_your_face.m4a; sourceTree = "<group>"; };
		D89B21ED2F9FC1E800C45250 /* mmmrmmm.m4a */ = {isa = PBXFileReference; lastKnownFileType = file; path = mmmrmmm.m4a; sourceTree = "<group>"; };
/* End PBXFileReference section */

/* Begin PBXFrameworksBuildPhase section */
		A1B2C3D4E5F60000000013 /* Frameworks */ = {
			isa = PBXFrameworksBuildPhase;
			buildActionMask = 2147483647;
			files = (
				A1B2C3D4E5F60000000063 /* Cocoa.framework in Frameworks */,
				A1B2C3D4E5F60000000064 /* AVFoundation.framework in Frameworks */,
				A1B2C3D4E5F60000000065 /* Vision.framework in Frameworks */,
			);
			runOnlyForDeploymentPostprocessing = 0;
		};
/* End PBXFrameworksBuildPhase section */

/* Begin PBXGroup section */
		A1B2C3D4E5F60000000002 = {
			isa = PBXGroup;
			children = (
				A1B2C3D4E5F60000000071 /* Assets.xcassets */,
				A1B2C3D4E5F60000000044 /* Info.plist */,
				A1B2C3D4E5F60000000045 /* HeadTracker.entitlements */,
				A1B2C3D4E5F60000000003 /* Sources */,
				A1B2C3D4E5F60000000006 /* Frameworks */,
				A1B2C3D4E5F60000000005 /* Products */,
			);
			sourceTree = "<group>";
		};
		A1B2C3D4E5F60000000003 /* Sources */ = {
			isa = PBXGroup;
			children = (
				D89B21EE2F9FC1E800C45250 /* Resources */,
				A1B2C3D4E5F60000000040 /* main.swift */,
				A1B2C3D4E5F60000000041 /* AppDelegate.swift */,
				A1B2C3D4E5F60000000042 /* HeadTrackerClass.swift */,
				A1B2C3D4E5F60000000043 /* SoundUtils.swift */,
			);
			name = Sources;
			path = Sources/HeadTracker;
			sourceTree = "<group>";
		};
		A1B2C3D4E5F60000000005 /* Products */ = {
			isa = PBXGroup;
			children = (
				A1B2C3D4E5F60000000030 /* Dont.app */,
			);
			name = Products;
			sourceTree = "<group>";
		};
		A1B2C3D4E5F60000000006 /* Frameworks */ = {
			isa = PBXGroup;
			children = (
				A1B2C3D4E5F60000000060 /* Cocoa.framework */,
				A1B2C3D4E5F60000000061 /* AVFoundation.framework */,
				A1B2C3D4E5F60000000062 /* Vision.framework */,
			);
			name = Frameworks;
			sourceTree = "<group>";
		};
		D89B21EE2F9FC1E800C45250 /* Resources */ = {
			isa = PBXGroup;
			children = (
				D89B21EB2F9FC1E800C45250 /* dont_fall_asleep.m4a */,
				D89B21EC2F9FC1E800C45250 /* dont_touch_your_face.m4a */,
				D89B21ED2F9FC1E800C45250 /* mmmrmmm.m4a */,
			);
			path = Resources;
			sourceTree = "<group>";
		};
/* End PBXGroup section */

/* Begin PBXNativeTarget section */
		A1B2C3D4E5F60000000010 /* Dont */ = {
			isa = PBXNativeTarget;
			buildConfigurationList = A1B2C3D4E5F60000000023 /* Build configuration list for PBXNativeTarget "Dont" */;
			buildPhases = (
				A1B2C3D4E5F60000000011 /* Sources */,
				A1B2C3D4E5F60000000012 /* Resources */,
				A1B2C3D4E5F60000000013 /* Frameworks */,
			);
			buildRules = (
			);
			dependencies = (
			);
			name = Dont;
			productName = HeadTracker;
			productReference = A1B2C3D4E5F60000000030 /* Dont.app */;
			productType = "com.apple.product-type.application";
		};
/* End PBXNativeTarget section */

/* Begin PBXProject section */
		A1B2C3D4E5F60000000001 /* Project object */ = {
			isa = PBXProject;
			attributes = {
				BuildIndependentTargetsInParallel = 1;
				LastSwiftUpdateCheck = 1500;
				LastUpgradeCheck = 1500;
				TargetAttributes = {
					A1B2C3D4E5F60000000010 = {
						CreatedOnToolsVersion = 15.0;
					};
				};
			};
			buildConfigurationList = A1B2C3D4E5F60000000020 /* Build configuration list for PBXProject "Dont" */;
			compatibilityVersion = "Xcode 14.0";
			developmentRegion = en;
			hasScannedForEncodings = 0;
			knownRegions = (
				en,
				Base,
			);
			mainGroup = A1B2C3D4E5F60000000002;
			productRefGroup = A1B2C3D4E5F60000000005 /* Products */;
			projectDirPath = "";
			projectRoot = "";
			targets = (
				A1B2C3D4E5F60000000010 /* Dont */,
			);
		};
/* End PBXProject section */

/* Begin PBXResourcesBuildPhase section */
		A1B2C3D4E5F60000000012 /* Resources */ = {
			isa = PBXResourcesBuildPhase;
			buildActionMask = 2147483647;
			files = (
				D89B21EF2F9FC1E800C45250 /* dont_fall_asleep.m4a in Resources */,
				D89B21F02F9FC1E800C45250 /* dont_touch_your_face.m4a in Resources */,
				D89B21F12F9FC1E800C45250 /* mmmrmmm.m4a in Resources */,
				A1B2C3D4E5F60000000070 /* Assets.xcassets in Resources */,
			);
			runOnlyForDeploymentPostprocessing = 0;
		};
/* End PBXResourcesBuildPhase section */

/* Begin PBXSourcesBuildPhase section */
		A1B2C3D4E5F60000000011 /* Sources */ = {
			isa = PBXSourcesBuildPhase;
			buildActionMask = 2147483647;
			files = (
				A1B2C3D4E5F60000000050 /* main.swift in Sources */,
				A1B2C3D4E5F60000000051 /* AppDelegate.swift in Sources */,
				A1B2C3D4E5F60000000052 /* HeadTrackerClass.swift in Sources */,
				A1B2C3D4E5F60000000053 /* SoundUtils.swift in Sources */,
			);
			runOnlyForDeploymentPostprocessing = 0;
		};
/* End PBXSourcesBuildPhase section */

/* Begin XCBuildConfiguration section */
		A1B2C3D4E5F60000000021 /* Debug */ = {
			isa = XCBuildConfiguration;
			buildSettings = {
				ALWAYS_SEARCH_USER_PATHS = NO;
				CLANG_ANALYZER_NONNULL = YES;
				CLANG_ENABLE_MODULES = YES;
				CLANG_ENABLE_OBJC_ARC = YES;
				CLANG_ENABLE_OBJC_WEAK = YES;
				CLANG_WARN_BLOCK_CAPTURE_AUTORELEASING = YES;
				CLANG_WARN_BOOL_CONVERSION = YES;
				CLANG_WARN_COMMA = YES;
				CLANG_WARN_CONSTANT_CONVERSION = YES;
				CLANG_WARN_DEPRECATED_OBJC_IMPLEMENTATIONS = YES;
				CLANG_WARN_DIRECT_OBJC_ISA_USAGE = YES_ERROR;
				CLANG_WARN_DOCUMENTATION_COMMENTS = YES;
				CLANG_WARN_EMPTY_BODY = YES;
				CLANG_WARN_ENUM_CONVERSION = YES;
				CLANG_WARN_INT_CONVERSION = YES;
				CLANG_WARN_NON_LITERAL_NULL_CONVERSION = YES;
				CLANG_WARN_OBJC_IMPLICIT_RETAIN_SELF = YES;
				CLANG_WARN_OBJC_LITERAL_CONVERSION = YES;
				CLANG_WARN_OBJC_ROOT_CLASS = YES_ERROR;
				CLANG_WARN_RANGE_LOOP_ANALYSIS = YES;
				CLANG_WARN_SUSPICIOUS_MOVE = YES;
				CLANG_WARN_UNGUARDED_AVAILABILITY = YES_AGGRESSIVE;
				CLANG_WARN_UNREACHABLE_CODE = YES;
				CLANG_WARN__DUPLICATE_METHOD_MATCH = YES;
				COPY_PHASE_STRIP = NO;
				DEBUG_INFORMATION_FORMAT = dwarf;
				ENABLE_STRICT_OBJC_MSGSEND = YES;
				ENABLE_TESTABILITY = YES;
				GCC_C_LANGUAGE_STANDARD = gnu17;
				GCC_DYNAMIC_NO_PIC = NO;
				GCC_NO_COMMON_BLOCKS = YES;
				GCC_OPTIMIZATION_LEVEL = 0;
				GCC_PREPROCESSOR_DEFINITIONS = (
					"DEBUG=1",
					"$(inherited)",
				);
				GCC_WARN_64_TO_32_BIT_CONVERSION = YES;
				GCC_WARN_ABOUT_RETURN_TYPE = YES_ERROR;
				GCC_WARN_UNDECLARED_SELECTOR = YES;
				GCC_WARN_UNINITIALIZED_AUTOS = YES_AGGRESSIVE;
				GCC_WARN_UNUSED_FUNCTION = YES;
				GCC_WARN_UNUSED_VARIABLE = YES;
				MACOSX_DEPLOYMENT_TARGET = 12.0;
				MTL_ENABLE_DEBUG_INFO = INCLUDE_SOURCE;
				MTL_FAST_MATH = YES;
				ONLY_ACTIVE_ARCH = YES;
				SDKROOT = macosx;
				SWIFT_ACTIVE_COMPILATION_CONDITIONS = DEBUG;
				SWIFT_OPTIMIZATION_LEVEL = "-Onone";
			};
			name = Debug;
		};
		A1B2C3D4E5F60000000022 /* Release */ = {
			isa = XCBuildConfiguration;
			buildSettings = {
				ALWAYS_SEARCH_USER_PATHS = NO;
				CLANG_ANALYZER_NONNULL = YES;
				CLANG_ENABLE_MODULES = YES;
				CLANG_ENABLE_OBJC_ARC = YES;
				CLANG_ENABLE_OBJC_WEAK = YES;
				CLANG_WARN_BLOCK_CAPTURE_AUTORELEASING = YES;
				CLANG_WARN_BOOL_CONVERSION = YES;
				CLANG_WARN_COMMA = YES;
				CLANG_WARN_CONSTANT_CONVERSION = YES;
				CLANG_WARN_DEPRECATED_OBJC_IMPLEMENTATIONS = YES;
				CLANG_WARN_DIRECT_OBJC_ISA_USAGE = YES_ERROR;
				CLANG_WARN_DOCUMENTATION_COMMENTS = YES;
				CLANG_WARN_EMPTY_BODY = YES;
				CLANG_WARN_ENUM_CONVERSION = YES;
				CLANG_WARN_INT_CONVERSION = YES;
				CLANG_WARN_NON_LITERAL_NULL_CONVERSION = YES;
				CLANG_WARN_OBJC_IMPLICIT_RETAIN_SELF = YES;
				CLANG_WARN_OBJC_LITERAL_CONVERSION = YES;
				CLANG_WARN_OBJC_ROOT_CLASS = YES_ERROR;
				CLANG_WARN_RANGE_LOOP_ANALYSIS = YES;
				CLANG_WARN_SUSPICIOUS_MOVE = YES;
				CLANG_WARN_UNGUARDED_AVAILABILITY = YES_AGGRESSIVE;
				CLANG_WARN_UNREACHABLE_CODE = YES;
				CLANG_WARN__DUPLICATE_METHOD_MATCH = YES;
				COPY_PHASE_STRIP = NO;
				DEBUG_INFORMATION_FORMAT = "dwarf-with-dsym";
				ENABLE_NS_ASSERTIONS = NO;
				ENABLE_STRICT_OBJC_MSGSEND = YES;
				GCC_C_LANGUAGE_STANDARD = gnu17;
				GCC_NO_COMMON_BLOCKS = YES;
				GCC_WARN_64_TO_32_BIT_CONVERSION = YES;
				GCC_WARN_ABOUT_RETURN_TYPE = YES_ERROR;
				GCC_WARN_UNDECLARED_SELECTOR = YES;
				GCC_WARN_UNINITIALIZED_AUTOS = YES_AGGRESSIVE;
				GCC_WARN_UNUSED_FUNCTION = YES;
				GCC_WARN_UNUSED_VARIABLE = YES;
				MACOSX_DEPLOYMENT_TARGET = 12.0;
				MTL_FAST_MATH = YES;
				SDKROOT = macosx;
				SWIFT_OPTIMIZATION_LEVEL = "-Owholemodule";
			};
			name = Release;
		};
		A1B2C3D4E5F60000000024 /* Debug */ = {
			isa = XCBuildConfiguration;
			buildSettings = {
				ASSETCATALOG_COMPILER_APPICON_NAME = AppIcon;
				AUTOMATION_APPLE_EVENTS = NO;
				CODE_SIGN_ENTITLEMENTS = HeadTracker.entitlements;
				CODE_SIGN_STYLE = Automatic;
				COMBINE_HIDPI_IMAGES = YES;
				CURRENT_PROJECT_VERSION = 1;
				DEVELOPMENT_TEAM = "";
				ENABLE_HARDENED_RUNTIME = YES;
				ENABLE_RESOURCE_ACCESS_AUDIO_INPUT = NO;
				ENABLE_RESOURCE_ACCESS_CALENDARS = NO;
				ENABLE_RESOURCE_ACCESS_CAMERA = NO;
				ENABLE_RESOURCE_ACCESS_CONTACTS = NO;
				ENABLE_RESOURCE_ACCESS_LOCATION = NO;
				ENABLE_RESOURCE_ACCESS_PHOTO_LIBRARY = NO;
				GENERATE_INFOPLIST_FILE = NO;
				INFOPLIST_FILE = Info.plist;
				LD_RUNPATH_SEARCH_PATHS = (
					"$(inherited)",
					"@executable_path/../Frameworks",
				);
				MACOSX_DEPLOYMENT_TARGET = 12.0;
				MARKETING_VERSION = 1.0;
				PRODUCT_BUNDLE_IDENTIFIER = com.eyesopen.headtracker;
				PRODUCT_NAME = "$(TARGET_NAME)";
				RUNTIME_EXCEPTION_ALLOW_DYLD_ENVIRONMENT_VARIABLES = NO;
				RUNTIME_EXCEPTION_ALLOW_JIT = NO;
				RUNTIME_EXCEPTION_ALLOW_UNSIGNED_EXECUTABLE_MEMORY = NO;
				RUNTIME_EXCEPTION_DEBUGGING_TOOL = NO;
				RUNTIME_EXCEPTION_DISABLE_EXECUTABLE_PAGE_PROTECTION = NO;
				RUNTIME_EXCEPTION_DISABLE_LIBRARY_VALIDATION = NO;
				SDKROOT = macosx;
				SWIFT_EMIT_LOC_STRINGS = YES;
				SWIFT_VERSION = 5.0;
			};
			name = Debug;
		};
		A1B2C3D4E5F60000000025 /* Release */ = {
			isa = XCBuildConfiguration;
			buildSettings = {
				ASSETCATALOG_COMPILER_APPICON_NAME = AppIcon;
				AUTOMATION_APPLE_EVENTS = NO;
				CODE_SIGN_ENTITLEMENTS = HeadTracker.entitlements;
				CODE_SIGN_STYLE = Automatic;
				COMBINE_HIDPI_IMAGES = YES;
				CURRENT_PROJECT_VERSION = 1;
				DEVELOPMENT_TEAM = "";
				ENABLE_HARDENED_RUNTIME = YES;
				ENABLE_RESOURCE_ACCESS_AUDIO_INPUT = NO;
				ENABLE_RESOURCE_ACCESS_CALENDARS = NO;
				ENABLE_RESOURCE_ACCESS_CAMERA = NO;
				ENABLE_RESOURCE_ACCESS_CONTACTS = NO;
				ENABLE_RESOURCE_ACCESS_LOCATION = NO;
				ENABLE_RESOURCE_ACCESS_PHOTO_LIBRARY = NO;
				GENERATE_INFOPLIST_FILE = NO;
				INFOPLIST_FILE = Info.plist;
				LD_RUNPATH_SEARCH_PATHS = (
					"$(inherited)",
					"@executable_path/../Frameworks",
				);
				MACOSX_DEPLOYMENT_TARGET = 12.0;
				MARKETING_VERSION = 1.0;
				PRODUCT_BUNDLE_IDENTIFIER = com.eyesopen.headtracker;
				PRODUCT_NAME = "$(TARGET_NAME)";
				RUNTIME_EXCEPTION_ALLOW_DYLD_ENVIRONMENT_VARIABLES = NO;
				RUNTIME_EXCEPTION_ALLOW_JIT = NO;
				RUNTIME_EXCEPTION_ALLOW_UNSIGNED_EXECUTABLE_MEMORY = NO;
				RUNTIME_EXCEPTION_DEBUGGING_TOOL = NO;
				RUNTIME_EXCEPTION_DISABLE_EXECUTABLE_PAGE_PROTECTION = NO;
				RUNTIME_EXCEPTION_DISABLE_LIBRARY_VALIDATION = NO;
				SDKROOT = macosx;
				SWIFT_EMIT_LOC_STRINGS = YES;
				SWIFT_VERSION = 5.0;
			};
			name = Release;
		};
/* End XCBuildConfiguration section */

/* Begin XCConfigurationList section */
		A1B2C3D4E5F60000000020 /* Build configuration list for PBXProject "Dont" */ = {
			isa = XCConfigurationList;
			buildConfigurations = (
				A1B2C3D4E5F60000000021 /* Debug */,
				A1B2C3D4E5F60000000022 /* Release */,
			);
			defaultConfigurationIsVisible = 0;
			defaultConfigurationName = Release;
		};
		A1B2C3D4E5F60000000023 /* Build configuration list for PBXNativeTarget "Dont" */ = {
			isa = XCConfigurationList;
			buildConfigurations = (
				A1B2C3D4E5F60000000024 /* Debug */,
				A1B2C3D4E5F60000000025 /* Release */,
			);
			defaultConfigurationIsVisible = 0;
			defaultConfigurationName = Release;
		};
/* End XCConfigurationList section */
	};
	rootObject = A1B2C3D4E5F60000000001 /* Project object */;
}
